// !$*UTF8*$!
{
	archiveVersion = 1;
	classes = {
	};
	objectVersion = 56;
	objects = {

/* Begin PBXBuildFile section */
		007BCC212B4BD6E600023C5A /* BucketListHWSApp.swift in Sources */ = {isa = PBXBuildFile; fileRef = 007BCC202B4BD6E600023C5A /* BucketListHWSApp.swift */; };
		007BCC232B4BD6E600023C5A /* ContentView.swift in Sources */ = {isa = PBXBuildFile; fileRef = 007BCC222B4BD6E600023C5A /* ContentView.swift */; };
		007BCC252B4BD6E700023C5A /* Assets.xcassets in Resources */ = {isa = PBXBuildFile; fileRef = 007BCC242B4BD6E700023C5A /* Assets.xcassets */; };
		007BCC282B4BD6E700023C5A /* Preview Assets.xcassets in Resources */ = {isa = PBXBuildFile; fileRef = 007BCC272B4BD6E700023C5A /* Preview Assets.xcassets */; };
		007BCC302B4BD6FA00023C5A /* Models.swift in Sources */ = {isa = PBXBuildFile; fileRef = 007BCC2F2B4BD6FA00023C5A /* Models.swift */; };
		007BCC322B4BD98A00023C5A /* MainView.swift in Sources */ = {isa = PBXBuildFile; fileRef = 007BCC312B4BD98A00023C5A /* MainView.swift */; };
		007BCC342B4BDC3400023C5A /* Extension.swift in Sources */ = {isa = PBXBuildFile; fileRef = 007BCC332B4BDC3400023C5A /* Extension.swift */; };
		007BCC372B4BFD2900023C5A /* EditingView.swift in Sources */ = {isa = PBXBuildFile; fileRef = 007BCC362B4BFD2900023C5A /* EditingView.swift */; };
		007BCC3A2B4C0B1900023C5A /* MainView+ViewModel.swift in Sources */ = {isa = PBXBuildFile; fileRef = 007BCC392B4C0B1900023C5A /* MainView+ViewModel.swift */; };
		007BCC3C2B4C11CE00023C5A /* FileManager+documentsDirectory.swift in Sources */ = {isa = PBXBuildFile; fileRef = 007BCC3B2B4C11CE00023C5A /* FileManager+documentsDirectory.swift */; };
/* End PBXBuildFile section */

/* Begin PBXFileReference section */
		007BCC1D2B4BD6E600023C5A /* BucketListHWS.app */ = {isa = PBXFileReference; explicitFileType = wrapper.application; includeInIndex = 0; path = BucketListHWS.app; sourceTree = BUILT_PRODUCTS_DIR; };
		007BCC202B4BD6E600023C5A /* BucketListHWSApp.swift */ = {isa = PBXFileReference; lastKnownFileType = sourcecode.swift; path = BucketListHWSApp.swift; sourceTree = "<group>"; };
		007BCC222B4BD6E600023C5A /* ContentView.swift */ = {isa = PBXFileReference; lastKnownFileType = sourcecode.swift; path = ContentView.swift; sourceTree = "<group>"; };
		007BCC242B4BD6E700023C5A /* Assets.xcassets */ = {isa = PBXFileReference; lastKnownFileType = folder.assetcatalog; path = Assets.xcassets; sourceTree = "<group>"; };
		007BCC272B4BD6E700023C5A /* Preview Assets.xcassets */ = {isa = PBXFileReference; lastKnownFileType = folder.assetcatalog; path = "Preview Assets.xcassets"; sourceTree = "<group>"; };
		007BCC2F2B4BD6FA00023C5A /* Models.swift */ = {isa = PBXFileReference; lastKnownFileType = sourcecode.swift; path = Models.swift; sourceTree = "<group>"; };
		007BCC312B4BD98A00023C5A /* MainView.swift */ = {isa = PBXFileReference; lastKnownFileType = sourcecode.swift; path = MainView.swift; sourceTree = "<group>"; };
		007BCC332B4BDC3400023C5A /* Extension.swift */ = {isa = PBXFileReference; lastKnownFileType = sourcecode.swift; path = Extension.swift; sourceTree = "<group>"; };
		007BCC362B4BFD2900023C5A /* EditingView.swift */ = {isa = PBXFileReference; lastKnownFileType = sourcecode.swift; path = EditingView.swift; sourceTree = "<group>"; };
		007BCC392B4C0B1900023C5A /* MainView+ViewModel.swift */ = {isa = PBXFileReference; lastKnownFileType = sourcecode.swift; path = "MainView+ViewModel.swift"; sourceTree = "<group>"; };
		007BCC3B2B4C11CE00023C5A /* FileManager+documentsDirectory.swift */ = {isa = PBXFileReference; lastKnownFileType = sourcecode.swift; path = "FileManager+documentsDirectory.swift"; sourceTree = "<group>"; };
/* End PBXFileReference section */

/* Begin PBXFrameworksBuildPhase section */
		007BCC1A2B4BD6E600023C5A /* Frameworks */ = {
			isa = PBXFrameworksBuildPhase;
			buildActionMask = 2147483647;
			files = (
			);
			runOnlyForDeploymentPostprocessing = 0;
		};
/* End PBXFrameworksBuildPhase section */

/* Begin PBXGroup section */
		007BCC142B4BD6E600023C5A = {
			isa = PBXGroup;
			children = (
				007BCC1F2B4BD6E600023C5A /* BucketListHWS */,
				007BCC1E2B4BD6E600023C5A /* Products */,
			);
			sourceTree = "<group>";
		};
		007BCC1E2B4BD6E600023C5A /* Products */ = {
			isa = PBXGroup;
			children = (
				007BCC1D2B4BD6E600023C5A /* BucketListHWS.app */,
			);
			name = Products;
			sourceTree = "<group>";
		};
		007BCC1F2B4BD6E600023C5A /* BucketListHWS */ = {
			isa = PBXGroup;
			children = (
				007BCC202B4BD6E600023C5A /* BucketListHWSApp.swift */,
				007BCC2E2B4BD6F100023C5A /* Models */,
				007BCC352B4BFBBA00023C5A /* Views */,
				007BCC242B4BD6E700023C5A /* Assets.xcassets */,
				007BCC262B4BD6E700023C5A /* Preview Content */,
			);
			path = BucketListHWS;
			sourceTree = "<group>";
		};
		007BCC262B4BD6E700023C5A /* Preview Content */ = {
			isa = PBXGroup;
			children = (
				007BCC272B4BD6E700023C5A /* Preview Assets.xcassets */,
			);
			path = "Preview Content";
			sourceTree = "<group>";
		};
		007BCC2E2B4BD6F100023C5A /* Models */ = {
			isa = PBXGroup;
			children = (
				007BCC332B4BDC3400023C5A /* Extension.swift */,
				007BCC2F2B4BD6FA00023C5A /* Models.swift */,
				007BCC3B2B4C11CE00023C5A /* FileManager+documentsDirectory.swift */,
			);
			path = Models;
			sourceTree = "<group>";
		};
		007BCC352B4BFBBA00023C5A /* Views */ = {
			isa = PBXGroup;
			children = (
				007BCC312B4BD98A00023C5A /* MainView.swift */,
				007BCC382B4C0B0400023C5A /* ViewModels */,
				007BCC362B4BFD2900023C5A /* EditingView.swift */,
				007BCC222B4BD6E600023C5A /* ContentView.swift */,
			);
			path = Views;
			sourceTree = "<group>";
		};
		007BCC382B4C0B0400023C5A /* ViewModels */ = {
			isa = PBXGroup;
			children = (
				007BCC392B4C0B1900023C5A /* MainView+ViewModel.swift */,
			);
			path = ViewModels;
			sourceTree = "<group>";
		};
/* End PBXGroup section */

/* Begin PBXNativeTarget section */
		007BCC1C2B4BD6E600023C5A /* BucketListHWS */ = {
			isa = PBXNativeTarget;
			buildConfigurationList = 007BCC2B2B4BD6E700023C5A /* Build configuration list for PBXNativeTarget "BucketListHWS" */;
			buildPhases = (
				007BCC192B4BD6E600023C5A /* Sources */,
				007BCC1A2B4BD6E600023C5A /* Frameworks */,
				007BCC1B2B4BD6E600023C5A /* Resources */,
			);
			buildRules = (
			);
			dependencies = (
			);
			name = BucketListHWS;
			productName = BucketListHWS;
			productReference = 007BCC1D2B4BD6E600023C5A /* BucketListHWS.app */;
			productType = "com.apple.product-type.application";
		};
/* End PBXNativeTarget section */

/* Begin PBXProject section */
		007BCC152B4BD6E600023C5A /* Project object */ = {
			isa = PBXProject;
			attributes = {
				BuildIndependentTargetsInParallel = 1;
				LastSwiftUpdateCheck = 1500;
				LastUpgradeCheck = 1500;
				TargetAttributes = {
					007BCC1C2B4BD6E600023C5A = {
						CreatedOnToolsVersion = 15.0;
					};
				};
			};
			buildConfigurationList = 007BCC182B4BD6E600023C5A /* Build configuration list for PBXProject "BucketListHWS" */;
			compatibilityVersion = "Xcode 14.0";
			developmentRegion = en;
			hasScannedForEncodings = 0;
			knownRegions = (
				en,
				Base,
			);
			mainGroup = 007BCC142B4BD6E600023C5A;
			productRefGroup = 007BCC1E2B4BD6E600023C5A /* Products */;
			projectDirPath = "";
			projectRoot = "";
			targets = (
				007BCC1C2B4BD6E600023C5A /* BucketListHWS */,
			);
		};
/* End PBXProject section */

/* Begin PBXResourcesBuildPhase section */
		007BCC1B2B4BD6E600023C5A /* Resources */ = {
			isa = PBXResourcesBuildPhase;
			buildActionMask = 2147483647;
			files = (
				007BCC282B4BD6E700023C5A /* Preview Assets.xcassets in Resources */,
				007BCC252B4BD6E700023C5A /* Assets.xcassets in Resources */,
			);
			runOnlyForDeploymentPostprocessing = 0;
		};
/* End PBXResourcesBuildPhase section */

/* Begin PBXSourcesBuildPhase section */
		007BCC192B4BD6E600023C5A /* Sources */ = {
			isa = PBXSourcesBuildPhase;
			buildActionMask = 2147483647;
			files = (
				007BCC342B4BDC3400023C5A /* Extension.swift in Sources */,
				007BCC302B4BD6FA00023C5A /* Models.swift in Sources */,
				007BCC3A2B4C0B1900023C5A /* MainView+ViewModel.swift in Sources */,
				007BCC322B4BD98A00023C5A /* MainView.swift in Sources */,
				007BCC3C2B4C11CE00023C5A /* FileManager+documentsDirectory.swift in Sources */,
				007BCC372B4BFD2900023C5A /* EditingView.swift in Sources */,
				007BCC232B4BD6E600023C5A /* ContentView.swift in Sources */,
				007BCC212B4BD6E600023C5A /* BucketListHWSApp.swift in Sources */,
			);
			runOnlyForDeploymentPostprocessing = 0;
		};
/* End PBXSourcesBuildPhase section */

/* Begin XCBuildConfiguration section */
		007BCC292B4BD6E700023C5A /* Debug */ = {
			isa = XCBuildConfiguration;
			buildSettings = {
				ALWAYS_SEARCH_USER_PATHS = NO;
				ASSETCATALOG_COMPILER_GENERATE_SWIFT_ASSET_SYMBOL_EXTENSIONS = YES;
				CLANG_ANALYZER_NONNULL = YES;
				CLANG_ANALYZER_NUMBER_OBJECT_CONVERSION = YES_AGGRESSIVE;
				CLANG_CXX_LANGUAGE_STANDARD = "gnu++20";
				CLANG_ENABLE_MODULES = YES;
				CLANG_ENABLE_OBJC_ARC = YES;
				CLANG_ENABLE_OBJC_WEAK = YES;
				CLANG_WARN_BLOCK_CAPTURE_AUTORELEASING = YES;
				CLANG_WARN_BOOL_CONVERSION = YES;
				CLANG_WARN_COMMA = YES;
				CLANG_WARN_CONSTANT_CONVERSION = YES;
				CLANG_WARN_DEPRECATED_OBJC_IMPLEMENTATIONS = YES;
				CLANG_WARN_DIRECT_OBJC_ISA_USAGE = YES_ERROR;
				CLANG_WARN_DOCUMENTATION_COMMENTS = YES;
				CLANG_WARN_EMPTY_BODY = YES;
				CLANG_WARN_ENUM_CONVERSION = YES;
				CLANG_WARN_INFINITE_RECURSION = YES;
				CLANG_WARN_INT_CONVERSION = YES;
				CLANG_WARN_NON_LITERAL_NULL_CONVERSION = YES;
				CLANG_WARN_OBJC_IMPLICIT_RETAIN_SELF = YES;
				CLANG_WARN_OBJC_LITERAL_CONVERSION = YES;
				CLANG_WARN_OBJC_ROOT_CLASS = YES_ERROR;
				CLANG_WARN_QUOTED_INCLUDE_IN_FRAMEWORK_HEADER = YES;
				CLANG_WARN_RANGE_LOOP_ANALYSIS = YES;
				CLANG_WARN_STRICT_PROTOTYPES = YES;
				CLANG_WARN_SUSPICIOUS_MOVE = YES;
				CLANG_WARN_UNGUARDED_AVAILABILITY = YES_AGGRESSIVE;
				CLANG_WARN_UNREACHABLE_CODE = YES;
				CLANG_WARN__DUPLICATE_METHOD_MATCH = YES;
				COPY_PHASE_STRIP = NO;
				DEBUG_INFORMATION_FORMAT = dwarf;
				ENABLE_STRICT_OBJC_MSGSEND = YES;
				ENABLE_TESTABILITY = YES;
				ENABLE_USER_SCRIPT_SANDBOXING = YES;
				GCC_C_LANGUAGE_STANDARD = gnu17;
				GCC_DYNAMIC_NO_PIC = NO;
				GCC_NO_COMMON_BLOCKS = YES;
				GCC_OPTIMIZATION_LEVEL = 0;
				GCC_PREPROCESSOR_DEFINITIONS = (
					"DEBUG=1",
					"$(inherited)",
				);
				GCC_WARN_64_TO_32_BIT_CONVERSION = YES;
				GCC_WARN_ABOUT_RETURN_TYPE = YES_ERROR;
				GCC_WARN_UNDECLARED_SELECTOR = YES;
				GCC_WARN_UNINITIALIZED_AUTOS = YES_AGGRESSIVE;
				GCC_WARN_UNUSED_FUNCTION = YES;
				GCC_WARN_UNUSED_VARIABLE = YES;
				IPHONEOS_DEPLOYMENT_TARGET = 17.0;
				LOCALIZATION_PREFERS_STRING_CATALOGS = YES;
				MTL_ENABLE_DEBUG_INFO = INCLUDE_SOURCE;
				MTL_FAST_MATH = YES;
				ONLY_ACTIVE_ARCH = YES;
				SDKROOT = iphoneos;
				SWIFT_ACTIVE_COMPILATION_CONDITIONS = "DEBUG $(inherited)";
				SWIFT_OPTIMIZATION_LEVEL = "-Onone";
			};
			name = Debug;
		};
		007BCC2A2B4BD6E700023C5A /* Release */ = {
			isa = XCBuildConfiguration;
			buildSettings = {
				ALWAYS_SEARCH_USER_PATHS = NO;
				ASSETCATALOG_COMPILER_GENERATE_SWIFT_ASSET_SYMBOL_EXTENSIONS = YES;
				CLANG_ANALYZER_NONNULL = YES;
				CLANG_ANALYZER_NUMBER_OBJECT_CONVERSION = YES_AGGRESSIVE;
				CLANG_CXX_LANGUAGE_STANDARD = "gnu++20";
				CLANG_ENABLE_MODULES = YES;
				CLANG_ENABLE_OBJC_ARC = YES;
				CLANG_ENABLE_OBJC_WEAK = YES;
				CLANG_WARN_BLOCK_CAPTURE_AUTORELEASING = YES;
				CLANG_WARN_BOOL_CONVERSION = YES;
				CLANG_WARN_COMMA = YES;
				CLANG_WARN_CONSTANT_CONVERSION = YES;
				CLANG_WARN_DEPRECATED_OBJC_IMPLEMENTATIONS = YES;
				CLANG_WARN_DIRECT_OBJC_ISA_USAGE = YES_ERROR;
				CLANG_WARN_DOCUMENTATION_COMMENTS = YES;
				CLANG_WARN_EMPTY_BODY = YES;
				CLANG_WARN_ENUM_CONVERSION = YES;
				CLANG_WARN_INFINITE_RECURSION = YES;
				CLANG_WARN_INT_CONVERSION = YES;
				CLANG_WARN_NON_LITERAL_NULL_CONVERSION = YES;
				CLANG_WARN_OBJC_IMPLICIT_RETAIN_SELF = YES;
				CLANG_WARN_OBJC_LITERAL_CONVERSION = YES;
				CLANG_WARN_OBJC_ROOT_CLASS = YES_ERROR;
				CLANG_WARN_QUOTED_INCLUDE_IN_FRAMEWORK_HEADER = YES;
				CLANG_WARN_RANGE_LOOP_ANALYSIS = YES;
				CLANG_WARN_STRICT_PROTOTYPES = YES;
				CLANG_WARN_SUSPICIOUS_MOVE = YES;
				CLANG_WARN_UNGUARDED_AVAILABILITY = YES_AGGRESSIVE;
				CLANG_WARN_UNREACHABLE_CODE = YES;
				CLANG_WARN__DUPLICATE_METHOD_MATCH = YES;
				COPY_PHASE_STRIP = NO;
				DEBUG_INFORMATION_FORMAT = "dwarf-with-dsym";
				ENABLE_NS_ASSERTIONS = NO;
				ENABLE_STRICT_OBJC_MSGSEND = YES;
				ENABLE_USER_SCRIPT_SANDBOXING = YES;
				GCC_C_LANGUAGE_STANDARD = gnu17;
				GCC_NO_COMMON_BLOCKS = YES;
				GCC_WARN_64_TO_32_BIT_CONVERSION = YES;
				GCC_WARN_ABOUT_RETURN_TYPE = YES_ERROR;
				GCC_WARN_UNDECLARED_SELECTOR = YES;
				GCC_WARN_UNINITIALIZED_AUTOS = YES_AGGRESSIVE;
				GCC_WARN_UNUSED_FUNCTION = YES;
				GCC_WARN_UNUSED_VARIABLE = YES;
				IPHONEOS_DEPLOYMENT_TARGET = 17.0;
				LOCALIZATION_PREFERS_STRING_CATALOGS = YES;
				MTL_ENABLE_DEBUG_INFO = NO;
				MTL_FAST_MATH = YES;
				SDKROOT = iphoneos;
				SWIFT_COMPILATION_MODE = wholemodule;
				VALIDATE_PRODUCT = YES;
			};
			name = Release;
		};
		007BCC2C2B4BD6E700023C5A /* Debug */ = {
			isa = XCBuildConfiguration;
			buildSettings = {
				ASSETCATALOG_COMPILER_APPICON_NAME = AppIcon;
				ASSETCATALOG_COMPILER_GLOBAL_ACCENT_COLOR_NAME = AccentColor;
				CODE_SIGN_STYLE = Automatic;
				CURRENT_PROJECT_VERSION = 1;
				DEVELOPMENT_ASSET_PATHS = "\"BucketListHWS/Preview Content\"";
				DEVELOPMENT_TEAM = VD4JPC3R94;
				ENABLE_PREVIEWS = YES;
				GENERATE_INFOPLIST_FILE = YES;
				INFOPLIST_KEY_NSFaceIDUsageDescription = "Needed for locking data";
				INFOPLIST_KEY_UIApplicationSceneManifest_Generation = YES;
				INFOPLIST_KEY_UIApplicationSupportsIndirectInputEvents = YES;
				INFOPLIST_KEY_UILaunchScreen_Generation = YES;
				INFOPLIST_KEY_UISupportedInterfaceOrientations_iPad = "UIInterfaceOrientationPortrait UIInterfaceOrientationPortraitUpsideDown UIInterfaceOrientationLandscapeLeft UIInterfaceOrientationLandscapeRight";
				INFOPLIST_KEY_UISupportedInterfaceOrientations_iPhone = "UIInterfaceOrientationPortrait UIInterfaceOrientationLandscapeLeft UIInterfaceOrientationLandscapeRight";
				LD_RUNPATH_SEARCH_PATHS = (
					"$(inherited)",
					"@executable_path/Frameworks",
				);
				MARKETING_VERSION = 1.0;
				PRODUCT_BUNDLE_IDENTIFIER = org.thakur.BucketListHWS;
				PRODUCT_NAME = "$(TARGET_NAME)";
				SWIFT_EMIT_LOC_STRINGS = YES;
				SWIFT_VERSION = 5.0;
				TARGETED_DEVICE_FAMILY = "1,2";
			};
			name = Debug;
		};
		007BCC2D2B4BD6E700023C5A /* Release */ = {
			isa = XCBuildConfiguration;
			buildSettings = {
				ASSETCATALOG_COMPILER_APPICON_NAME = AppIcon;
				ASSETCATALOG_COMPILER_GLOBAL_ACCENT_COLOR_NAME = AccentColor;
				CODE_SIGN_STYLE = Automatic;
				CURRENT_PROJECT_VERSION = 1;
				DEVELOPMENT_ASSET_PATHS = "\"BucketListHWS/Preview Content\"";
				DEVELOPMENT_TEAM = VD4JPC3R94;
				ENABLE_PREVIEWS = YES;
				GENERATE_INFOPLIST_FILE = YES;
				INFOPLIST_KEY_NSFaceIDUsageDescription = "Needed for locking data";
				INFOPLIST_KEY_UIApplicationSceneManifest_Generation = YES;
				INFOPLIST_KEY_UIApplicationSupportsIndirectInputEvents = YES;
				INFOPLIST_KEY_UILaunchScreen_Generation = YES;
				INFOPLIST_KEY_UISupportedInterfaceOrientations_iPad = "UIInterfaceOrientationPortrait UIInterfaceOrientationPortraitUpsideDown UIInterfaceOrientationLandscapeLeft UIInterfaceOrientationLandscapeRight";
				INFOPLIST_KEY_UISupportedInterfaceOrientations_iPhone = "UIInterfaceOrientationPortrait UIInterfaceOrientationLandscapeLeft UIInterfaceOrientationLandscapeRight";
				LD_RUNPATH_SEARCH_PATHS = (
					"$(inherited)",
					"@executable_path/Frameworks",
				);
				MARKETING_VERSION = 1.0;
				PRODUCT_BUNDLE_IDENTIFIER = org.thakur.BucketListHWS;
				PRODUCT_NAME = "$(TARGET_NAME)";
				SWIFT_EMIT_LOC_STRINGS = YES;
				SWIFT_VERSION = 5.0;
				TARGETED_DEVICE_FAMILY = "1,2";
			};
			name = Release;
		};
/* End XCBuildConfiguration section */

/* Begin XCConfigurationList section */
		007BCC182B4BD6E600023C5A /* Build configuration list for PBXProject "BucketListHWS" */ = {
			isa = XCConfigurationList;
			buildConfigurations = (
				007BCC292B4BD6E700023C5A /* Debug */,
				007BCC2A2B4BD6E700023C5A /* Release */,
			);
			defaultConfigurationIsVisible = 0;
			defaultConfigurationName = Release;
		};
		007BCC2B2B4BD6E700023C5A /* Build configuration list for PBXNativeTarget "BucketListHWS" */ = {
			isa = XCConfigurationList;
			buildConfigurations = (
				007BCC2C2B4BD6E700023C5A /* Debug */,
				007BCC2D2B4BD6E700023C5A /* Release */,
			);
			defaultConfigurationIsVisible = 0;
			defaultConfigurationName = Release;
		};
/* End XCConfigurationList section */
	};
	rootObject = 007BCC152B4BD6E600023C5A /* Project object */;
}
